
Microsoft Visual Studio Solution File, Format Version 12.00
# Visual Studio Version 16
VisualStudioVersion = 16.0.30406.217
MinimumVisualStudioVersion = 10.0.40219.1
Project("{FAE04EC0-301F-11D3-BF4B-00C04F79EFBC}") = "Comandos Administrativos", "Comandos Administrativos\Comandos Administrativos.csproj", "{C8B2693B-9B69-48AB-A37C-9D7249DF5CDC}"
EndProject
Project("{9A19103F-16F7-4668-BE54-9A1E7A4F7556}") = "Comandos Administrativos.Core", "Comandos Administrativos.Core\Comandos Administrativos.Core.csproj", "{ACBF6F67-7C2B-498A-8D5B-D22D00E116EA}"
EndProject
Global
	GlobalSection(SolutionConfigurationPlatforms) = preSolution
		Debug|Any CPU = Debug|Any CPU
		Debug|ARM = Debug|ARM
		Debug|ARM64 = Debug|ARM64
		Debug|x64 = Debug|x64
		Debug|x86 = Debug|x86
		Release|Any CPU = Release|Any CPU
		Release|ARM = Release|ARM
		Release|ARM64 = Release|ARM64
		Release|x64 = Release|x64
		Release|x86 = Release|x86
	EndGlobalSection
	GlobalSection(ProjectConfigurationPlatforms) = postSolution
		{C8B2693B-9B69-48AB-A37C-9D7249DF5CDC}.Debug|Any CPU.ActiveCfg = Debug|x86
		{C8B2693B-9B69-48AB-A37C-9D7249DF5CDC}.Debug|ARM.ActiveCfg = Debug|ARM
		{C8B2693B-9B69-48AB-A37C-9D7249DF5CDC}.Debug|ARM.Build.0 = Debug|ARM
		{C8B2693B-9B69-48AB-A37C-9D7249DF5CDC}.Debug|ARM.Deploy.0 = Debug|ARM
		{C8B2693B-9B69-48AB-A37C-9D7249DF5CDC}.Debug|ARM64.ActiveCfg = Debug|ARM64
		{C8B2693B-9B69-48AB-A37C-9D7249DF5CDC}.Debug|ARM64.Build.0 = Debug|ARM64
		{C8B2693B-9B69-48AB-A37C-9D7249DF5CDC}.Debug|ARM64.Deploy.0 = Debug|ARM64
		{C8B2693B-9B69-48AB-A37C-9D7249DF5CDC}.Debug|x64.ActiveCfg = Debug|x64
		{C8B2693B-9B69-48AB-A37C-9D7249DF5CDC}.Debug|x64.Build.0 = Debug|x64
		{C8B2693B-9B69-48AB-A37C-9D7249DF5CDC}.Debug|x64.Deploy.0 = Debug|x64
		{C8B2693B-9B69-48AB-A37C-9D7249DF5CDC}.Debug|x86.ActiveCfg = Debug|x86
		{C8B2693B-9B69-48AB-A37C-9D7249DF5CDC}.Debug|x86.Build.0 = Debug|x86
		{C8B2693B-9B69-48AB-A37C-9D7249DF5CDC}.Debug|x86.Deploy.0 = Debug|x86
		{C8B2693B-9B69-48AB-A37C-9D7249DF5CDC}.Release|Any CPU.ActiveCfg = Release|x86
		{C8B2693B-9B69-48AB-A37C-9D7249DF5CDC}.Release|ARM.ActiveCfg = Release|ARM
		{C8B2693B-9B69-48AB-A37C-9D7249DF5CDC}.Release|ARM.Build.0 = Release|ARM
		{C8B2693B-9B69-48AB-A37C-9D7249DF5CDC}.Release|ARM.Deploy.0 = Release|ARM
		{C8B2693B-9B69-48AB-A37C-9D7249DF5CDC}.Release|ARM64.ActiveCfg = Release|ARM64
		{C8B2693B-9B69-48AB-A37C-9D7249DF5CDC}.Release|ARM64.Build.0 = Release|ARM64
		{C8B2693B-9B69-48AB-A37C-9D7249DF5CDC}.Release|ARM64.Deploy.0 = Release|ARM64
		{C8B2693B-9B69-48AB-A37C-9D7249DF5CDC}.Release|x64.ActiveCfg = Release|x64
		{C8B2693B-9B69-48AB-A37C-9D7249DF5CDC}.Release|x64.Build.0 = Release|x64
		{C8B2693B-9B69-48AB-A37C-9D7249DF5CDC}.Release|x64.Deploy.0 = Release|x64
		{C8B2693B-9B69-48AB-A37C-9D7249DF5CDC}.Release|x86.ActiveCfg = Release|x86
		{C8B2693B-9B69-48AB-A37C-9D7249DF5CDC}.Release|x86.Build.0 = Release|x86
		{C8B2693B-9B69-48AB-A37C-9D7249DF5CDC}.Release|x86.Deploy.0 = Release|x86
		{ACBF6F67-7C2B-498A-8D5B-D22D00E116EA}.Debug|Any CPU.ActiveCfg = Debug|Any CPU
		{ACBF6F67-7C2B-498A-8D5B-D22D00E116EA}.Debug|Any CPU.Build.0 = Debug|Any CPU
		{ACBF6F67-7C2B-498A-8D5B-D22D00E116EA}.Debug|ARM.ActiveCfg = Debug|Any CPU
		{ACBF6F67-7C2B-498A-8D5B-D22D00E116EA}.Debug|ARM.Build.0 = Debug|Any CPU
		{ACBF6F67-7C2B-498A-8D5B-D22D00E116EA}.Debug|ARM64.ActiveCfg = Debug|Any CPU
		{ACBF6F67-7C2B-498A-8D5B-D22D00E116EA}.Debug|ARM64.Build.0 = Debug|Any CPU
		{ACBF6F67-7C2B-498A-8D5B-D22D00E116EA}.Debug|x64.ActiveCfg = Debug|Any CPU
		{ACBF6F67-7C2B-498A-8D5B-D22D00E116EA}.Debug|x64.Build.0 = Debug|Any CPU
		{ACBF6F67-7C2B-498A-8D5B-D22D00E116EA}.Debug|x86.ActiveCfg = Debug|Any CPU
		{ACBF6F67-7C2B-498A-8D5B-D22D00E116EA}.Debug|x86.Build.0 = Debug|Any CPU
		{ACBF6F67-7C2B-498A-8D5B-D22D00E116EA}.Release|Any CPU.ActiveCfg = Release|Any CPU
		{ACBF6F67-7C2B-498A-8D5B-D22D00E116EA}.Release|Any CPU.Build.0 = Release|Any CPU
		{ACBF6F67-7C2B-498A-8D5B-D22D00E116EA}.Release|ARM.ActiveCfg = Release|Any CPU
		{ACBF6F67-7C2B-498A-8D5B-D22D00E116EA}.Release|ARM.Build.0 = Release|Any CPU
		{ACBF6F67-7C2B-498A-8D5B-D22D00E116EA}.Release|ARM64.ActiveCfg = Release|Any CPU
		{ACBF6F67-7C2B-498A-8D5B-D22D00E116EA}.Release|ARM64.Build.0 = Release|Any CPU
		{ACBF6F67-7C2B-498A-8D5B-D22D00E116EA}.Release|x64.ActiveCfg = Release|Any CPU
		{ACBF6F67-7C2B-498A-8D5B-D22D00E116EA}.Release|x64.Build.0 = Release|Any CPU
		{ACBF6F67-7C2B-498A-8D5B-D22D00E116EA}.Release|x86.ActiveCfg = Release|Any CPU
		{ACBF6F67-7C2B-498A-8D5B-D22D00E116EA}.Release|x86.Build.0 = Release|Any CPU
	EndGlobalSection
	GlobalSection(SolutionProperties) = preSolution
		HideSolutionNode = FALSE
	EndGlobalSection
	GlobalSection(ExtensibilityGlobals) = postSolution
		SolutionGuid = {57FCEF69-8666-4B97-A604-B8D2E4E5BFAD}
	EndGlobalSection
EndGlobal
